
Microsoft Visual Studio Solution File, Format Version 12.00
# Visual Studio 14
VisualStudioVersion = 14.0.23107.0
MinimumVisualStudioVersion = 10.0.40219.1
Project("{FAE04EC0-301F-11D3-BF4B-00C04F79EFBC}") = "SharpCppInterop", "SharpCppInterop\SharpCppInterop.csproj", "{0EEDDEA6-E913-4A9F-8ABA-48A37271EF6C}"
	ProjectSection(ProjectDependencies) = postProject
		{DFAF8B20-52EE-4FD6-9A26-13B639F9C323} = {DFAF8B20-52EE-4FD6-9A26-13B639F9C323}
	EndProjectSection
EndProject
Project("{8BC9CEB8-8B4A-11D0-8D11-00A0C91BC942}") = "CppLib", "CppLib\CppLib.vcxproj", "{DFAF8B20-52EE-4FD6-9A26-13B639F9C323}"
EndProject
Global
	GlobalSection(SolutionConfigurationPlatforms) = preSolution
		Debug|Any CPU = Debug|Any CPU
		Debug|x64 = Debug|x64
		Debug|x86 = Debug|x86
		Release|Any CPU = Release|Any CPU
		Release|x64 = Release|x64
		Release|x86 = Release|x86
	EndGlobalSection
	GlobalSection(ProjectConfigurationPlatforms) = postSolution
		{0EEDDEA6-E913-4A9F-8ABA-48A37271EF6C}.Debug|Any CPU.ActiveCfg = Debug|Any CPU
		{0EEDDEA6-E913-4A9F-8ABA-48A37271EF6C}.Debug|Any CPU.Build.0 = Debug|Any CPU
		{0EEDDEA6-E913-4A9F-8ABA-48A37271EF6C}.Debug|x64.ActiveCfg = Debug|Any CPU
		{0EEDDEA6-E913-4A9F-8ABA-48A37271EF6C}.Debug|x64.Build.0 = Debug|Any CPU
		{0EEDDEA6-E913-4A9F-8ABA-48A37271EF6C}.Debug|x86.ActiveCfg = Debug|Any CPU
		{0EEDDEA6-E913-4A9F-8ABA-48A37271EF6C}.Debug|x86.Build.0 = Debug|Any CPU
		{0EEDDEA6-E913-4A9F-8ABA-48A37271EF6C}.Release|Any CPU.ActiveCfg = Release|Any CPU
		{0EEDDEA6-E913-4A9F-8ABA-48A37271EF6C}.Release|Any CPU.Build.0 = Release|Any CPU
		{0EEDDEA6-E913-4A9F-8ABA-48A37271EF6C}.Release|x64.ActiveCfg = Release|Any CPU
		{0EEDDEA6-E913-4A9F-8ABA-48A37271EF6C}.Release|x64.Build.0 = Release|Any CPU
		{0EEDDEA6-E913-4A9F-8ABA-48A37271EF6C}.Release|x86.ActiveCfg = Release|Any CPU
		{0EEDDEA6-E913-4A9F-8ABA-48A37271EF6C}.Release|x86.Build.0 = Release|Any CPU
		{DFAF8B20-52EE-4FD6-9A26-13B639F9C323}.Debug|Any CPU.ActiveCfg = Debug|Win32
		{DFAF8B20-52EE-4FD6-9A26-13B639F9C323}.Debug|Any CPU.Build.0 = Debug|Win32
		{DFAF8B20-52EE-4FD6-9A26-13B639F9C323}.Debug|x64.ActiveCfg = Debug|x64
		{DFAF8B20-52EE-4FD6-9A26-13B639F9C323}.Debug|x64.Build.0 = Debug|x64
		{DFAF8B20-52EE-4FD6-9A26-13B639F9C323}.Debug|x86.ActiveCfg = Debug|Win32
		{DFAF8B20-52EE-4FD6-9A26-13B639F9C323}.Debug|x86.Build.0 = Debug|Win32
		{DFAF8B20-52EE-4FD6-9A26-13B639F9C323}.Release|Any CPU.ActiveCfg = Release|Win32
		{DFAF8B20-52EE-4FD6-9A26-13B639F9C323}.Release|x64.ActiveCfg = Release|x64
		{DFAF8B20-52EE-4FD6-9A26-13B639F9C323}.Release|x64.Build.0 = Release|x64
		{DFAF8B20-52EE-4FD6-9A26-13B639F9C323}.Release|x86.ActiveCfg = Release|Win32
		{DFAF8B20-52EE-4FD6-9A26-13B639F9C323}.Release|x86.Build.0 = Release|Win32
	EndGlobalSection
	GlobalSection(SolutionProperties) = preSolution
		HideSolutionNode = FALSE
	EndGlobalSection
EndGlobal
